{
	"name": "fsmlang",
	"version": "0.4.7",
	"lockfileVersion": 2,
	"requires": true,
	"packages": {
		"": {
			"name": "fsmlang",
			"version": "0.4.7",
			"license": "BSD-2-Clause",
			"dependencies": {
				"raffinade": "^0.0.17"
			},
			"bin": {
				"fsml": "bin/fsml.js"
			}
		},
		"node_modules/raffinade": {
			"version": "0.0.17",
			"resolved": "https://registry.npmjs.org/raffinade/-/raffinade-0.0.17.tgz",
			"integrity": "sha512-huOVh8OIUKPjfuLNsilJ0oG+RXeiJpJDq8iGKd9nlXCM3ZZk8av/wSgVpm5yTVQMfDx7H3tNNP0ImEoLQy4lPA=="
		}
	},
	"dependencies": {
		"raffinade": {
			"version": "0.0.17",
			"resolved": "https://registry.npmjs.org/raffinade/-/raffinade-0.0.17.tgz",
			"integrity": "sha512-huOVh8OIUKPjfuLNsilJ0oG+RXeiJpJDq8iGKd9nlXCM3ZZk8av/wSgVpm5yTVQMfDx7H3tNNP0ImEoLQy4lPA=="
		}
	}
}
