{
	"name": "fsmlang",
	"version": "0.5.4",
	"lockfileVersion": 3,
	"requires": true,
	"packages": {
		"": {
			"name": "fsmlang",
			"version": "0.5.4",
			"license": "BSD-2-Clause",
			"dependencies": {
				"raffinade": "^0.0.17"
			},
			"bin": {
				"fsml": "bin/fsml.js"
			},
			"devDependencies": {
				"flow-bin": "^0.209.0"
			}
		},
		"node_modules/flow-bin": {
			"version": "0.209.0",
			"resolved": "https://registry.npmjs.org/flow-bin/-/flow-bin-0.209.0.tgz",
			"integrity": "sha512-HRc6+bKE8AN23SnuKaxdUjcQcjaIp6pksrGJ6pltFO5tIEvZmPrbT99P7Yb3ybqwcKU/Ry8yfJbuW92Ed2V3nw==",
			"dev": true,
			"bin": {
				"flow": "cli.js"
			},
			"engines": {
				"node": ">=0.10.0"
			}
		},
		"node_modules/raffinade": {
			"version": "0.0.17",
			"resolved": "https://registry.npmjs.org/raffinade/-/raffinade-0.0.17.tgz",
			"integrity": "sha512-huOVh8OIUKPjfuLNsilJ0oG+RXeiJpJDq8iGKd9nlXCM3ZZk8av/wSgVpm5yTVQMfDx7H3tNNP0ImEoLQy4lPA=="
		}
	}
}
